
Microsoft Visual Studio Solution File, Format Version 12.00
# Visual Studio Version 16
VisualStudioVersion = 16.0.29009.5
MinimumVisualStudioVersion = 10.0.40219.1
Project("{FAE04EC0-301F-11D3-BF4B-00C04F79EFBC}") = "API", "API\API.csproj", "{A84C4935-2CBB-41F9-B2B5-3A36C73A580F}"
EndProject
Project("{FAE04EC0-301F-11D3-BF4B-00C04F79EFBC}") = "Data", "Data\Data.csproj", "{24F68086-AD77-4297-8385-EC0FA28BFA81}"
EndProject
Global
	GlobalSection(SolutionConfigurationPlatforms) = preSolution
		Debug|Any CPU = Debug|Any CPU
		Release|Any CPU = Release|Any CPU
	EndGlobalSection
	GlobalSection(ProjectConfigurationPlatforms) = postSolution
		{A84C4935-2CBB-41F9-B2B5-3A36C73A580F}.Debug|Any CPU.ActiveCfg = Debug|Any CPU
		{A84C4935-2CBB-41F9-B2B5-3A36C73A580F}.Debug|Any CPU.Build.0 = Debug|Any CPU
		{A84C4935-2CBB-41F9-B2B5-3A36C73A580F}.Release|Any CPU.ActiveCfg = Release|Any CPU
		{A84C4935-2CBB-41F9-B2B5-3A36C73A580F}.Release|Any CPU.Build.0 = Release|Any CPU
		{24F68086-AD77-4297-8385-EC0FA28BFA81}.Debug|Any CPU.ActiveCfg = Debug|Any CPU
		{24F68086-AD77-4297-8385-EC0FA28BFA81}.Debug|Any CPU.Build.0 = Debug|Any CPU
		{24F68086-AD77-4297-8385-EC0FA28BFA81}.Release|Any CPU.ActiveCfg = Release|Any CPU
		{24F68086-AD77-4297-8385-EC0FA28BFA81}.Release|Any CPU.Build.0 = Release|Any CPU
	EndGlobalSection
	GlobalSection(SolutionProperties) = preSolution
		HideSolutionNode = FALSE
	EndGlobalSection
	GlobalSection(ExtensibilityGlobals) = postSolution
		SolutionGuid = {B34D61E4-A410-4A02-ADAD-DE21DEEC8238}
	EndGlobalSection
EndGlobal
